PODS:
  - CoreStore (8.1.0)
  - DropDown (2.3.13)
  - DynamicBlurView (4.1.0)
  - IQKeyboardManagerSwift (6.3.0)
  - KeychainAccess (4.2.2)
  - Parchment (3.1.0)
  - PopupDialog (1.1.1):
    - DynamicBlurView (~> 4.0)
  - R.swift (5.4.0):
    - R.swift.Library (~> 5.3.0)
  - R.swift.Library (5.3.0)
  - SnapKit (5.0.1)
  - Toast-Swift (5.0.1)
  - XCoordinator (2.0.7):
    - XCoordinator/Core (= 2.0.7)
  - XCoordinator/Core (2.0.7)

DEPENDENCIES:
  - CoreStore (~> 8.0)
  - DropDown
  - IQKeyboardManagerSwift (= 6.3.0)
  - KeychainAccess
  - Parchment (~> 3.0)
  - PopupDialog (~> 1.1)
  - R.swift
  - SnapKit (~> 5.0.0)
  - Toast-Swift (~> 5.0.1)
  - XCoordinator (~> 2.0)

SPEC REPOS:
  trunk:
    - CoreStore
    - DropDown
    - DynamicBlurView
    - IQKeyboardManagerSwift
    - KeychainAccess
    - Parchment
    - PopupDialog
    - R.swift
    - R.swift.Library
    - SnapKit
    - Toast-Swift
    - XCoordinator

SPEC CHECKSUMS:
  CoreStore: 497ade3103f1ffd95d09c2658f9008d10c7d3082
  DropDown: 8a2116376c1981888557f72ec2ffc9a5e0e456ec
  DynamicBlurView: 58e18fae80bb614e34681a4486870e7d257b62e8
  IQKeyboardManagerSwift: a8228c257614af98743b4cd8584637025f36358f
  KeychainAccess: c0c4f7f38f6fc7bbe58f5702e25f7bd2f65abf51
  Parchment: 6250722ed0456d68f6bae03118eda722a28486f3
  PopupDialog: 720c92befd8bc23c13442254945213db5612f149
  R.swift: c533450b0f7dc494e0993f5f1a1db925d84c3006
  R.swift.Library: 0fc583cb55a99e28901299cc451614cad1161962
  SnapKit: 97b92857e3df3a0c71833cce143274bf6ef8e5eb
  Toast-Swift: 9b6a70f28b3bf0b96c40d46c0c4b9d6639846711
  XCoordinator: 9ee654fedef1ffede33d5c11677708a555c00542

PODFILE CHECKSUM: 33cfdae8ee2b29dfbb0bfffd55c71bf22c4d22c2

COCOAPODS: 1.11.2
